// !$*UTF8*$!
{
   archiveVersion = "1";
   objectVersion = "46";
   objects = {
      "OBJ_1" = {
         isa = "PBXProject";
         attributes = {
            LastUpgradeCheck = "9999";
         };
         buildConfigurationList = "OBJ_2";
         compatibilityVersion = "Xcode 3.2";
         developmentRegion = "English";
         hasScannedForEncodings = "0";
         knownRegions = (
            "en",
         );
         mainGroup = "OBJ_5";
         productRefGroup = "OBJ_29";
         projectDirPath = ".";
         targets = (
            "Tempura::SwiftPMPackageDescription",
            "Tempura::Tests-iOS",
            "Tempura::Tempura",
            "Tempura::TempuraPackageTests::ProductTarget",
         );
      };
      "OBJ_10" = {
         isa = "PBXFileReference";
         path = "Directories.swift";
         sourceTree = "<group>";
      };
      "OBJ_11" = {
         isa = "PBXFileReference";
         path = "FileSystem.swift";
         sourceTree = "<group>";
      };
      "OBJ_12" = {
         isa = "PBXFileReference";
         path = "Inode.swift";
         sourceTree = "<group>";
      };
      "OBJ_13" = {
         isa = "PBXFileReference";
         path = "Inodes.swift";
         sourceTree = "<group>";
      };
      "OBJ_14" = {
         isa = "PBXGroup";
         children = (
            "OBJ_15",
            "OBJ_16",
         );
         name = "Path";
         path = "Path";
         sourceTree = "<group>";
      };
      "OBJ_15" = {
         isa = "PBXFileReference";
         path = "Path.swift";
         sourceTree = "<group>";
      };
      "OBJ_16" = {
         isa = "PBXFileReference";
         path = "UnixPath.swift";
         sourceTree = "<group>";
      };
      "OBJ_17" = {
         isa = "PBXFileReference";
         path = "Reason.swift";
         sourceTree = "<group>";
      };
      "OBJ_18" = {
         isa = "PBXFileReference";
         path = "Result.swift";
         sourceTree = "<group>";
      };
      "OBJ_19" = {
         isa = "PBXFileReference";
         path = "TempuraFileManager.swift";
         sourceTree = "<group>";
      };
      "OBJ_2" = {
         isa = "XCConfigurationList";
         buildConfigurations = (
            "OBJ_3",
            "OBJ_4",
         );
         defaultConfigurationIsVisible = "0";
         defaultConfigurationName = "Debug";
      };
      "OBJ_20" = {
         isa = "PBXGroup";
         children = (
            "OBJ_21",
            "OBJ_22",
         );
         name = "Tests";
         path = "Tests";
         sourceTree = "SOURCE_ROOT";
      };
      "OBJ_21" = {
         isa = "PBXFileReference";
         path = "FileSystemTests.swift";
         sourceTree = "<group>";
      };
      "OBJ_22" = {
         isa = "PBXGroup";
         children = (
            "OBJ_23",
         );
         name = "Nodes";
         path = "Nodes";
         sourceTree = "<group>";
      };
      "OBJ_23" = {
         isa = "PBXGroup";
         children = (
            "OBJ_24",
         );
         name = "Path";
         path = "Path";
         sourceTree = "<group>";
      };
      "OBJ_24" = {
         isa = "PBXFileReference";
         path = "UnixPathTests.swift";
         sourceTree = "<group>";
      };
      "OBJ_25" = {
         isa = "PBXFileReference";
         path = "Tempura.xcworkspace";
         sourceTree = "SOURCE_ROOT";
      };
      "OBJ_26" = {
         isa = "PBXFileReference";
         path = "Config";
         sourceTree = "SOURCE_ROOT";
      };
      "OBJ_27" = {
         isa = "PBXFileReference";
         path = "Tempura";
         sourceTree = "SOURCE_ROOT";
      };
      "OBJ_28" = {
         isa = "PBXFileReference";
         path = "Scripts";
         sourceTree = "SOURCE_ROOT";
      };
      "OBJ_29" = {
         isa = "PBXGroup";
         children = (
            "Tempura::Tests-iOS::Product",
            "Tempura::Tempura::Product",
         );
         name = "Products";
         path = "";
         sourceTree = "BUILT_PRODUCTS_DIR";
      };
      "OBJ_3" = {
         isa = "XCBuildConfiguration";
         buildSettings = {
            CLANG_ENABLE_OBJC_ARC = "YES";
            COMBINE_HIDPI_IMAGES = "YES";
            COPY_PHASE_STRIP = "NO";
            DEBUG_INFORMATION_FORMAT = "dwarf";
            DYLIB_INSTALL_NAME_BASE = "@rpath";
            ENABLE_NS_ASSERTIONS = "YES";
            GCC_OPTIMIZATION_LEVEL = "0";
            MACOSX_DEPLOYMENT_TARGET = "10.10";
            ONLY_ACTIVE_ARCH = "YES";
            OTHER_SWIFT_FLAGS = (
               "-DXcode",
            );
            PRODUCT_NAME = "$(TARGET_NAME)";
            SDKROOT = "macosx";
            SUPPORTED_PLATFORMS = (
               "macosx",
               "iphoneos",
               "iphonesimulator",
               "appletvos",
               "appletvsimulator",
               "watchos",
               "watchsimulator",
            );
            SWIFT_ACTIVE_COMPILATION_CONDITIONS = "SWIFT_PACKAGE";
            SWIFT_OPTIMIZATION_LEVEL = "-Onone";
            USE_HEADERMAP = "NO";
         };
         name = "Debug";
      };
      "OBJ_33" = {
         isa = "XCConfigurationList";
         buildConfigurations = (
            "OBJ_34",
            "OBJ_35",
         );
         defaultConfigurationIsVisible = "0";
         defaultConfigurationName = "Debug";
      };
      "OBJ_34" = {
         isa = "XCBuildConfiguration";
         buildSettings = {
            LD = "/usr/bin/true";
            OTHER_SWIFT_FLAGS = (
               "-swift-version",
               "4",
               "-I",
               "/Applications/Xcode_9.2.app/Contents/Developer/Toolchains/XcodeDefault.xctoolchain/usr/lib/swift/pm/4",
               "-target",
               "x86_64-apple-macosx10.10",
               "-sdk",
               "/Applications/Xcode_9.2.app/Contents/Developer/Platforms/MacOSX.platform/Developer/SDKs/MacOSX10.13.sdk",
            );
            SWIFT_VERSION = "4.0";
         };
         name = "Debug";
      };
      "OBJ_35" = {
         isa = "XCBuildConfiguration";
         buildSettings = {
            LD = "/usr/bin/true";
            OTHER_SWIFT_FLAGS = (
               "-swift-version",
               "4",
               "-I",
               "/Applications/Xcode_9.2.app/Contents/Developer/Toolchains/XcodeDefault.xctoolchain/usr/lib/swift/pm/4",
               "-target",
               "x86_64-apple-macosx10.10",
               "-sdk",
               "/Applications/Xcode_9.2.app/Contents/Developer/Platforms/MacOSX.platform/Developer/SDKs/MacOSX10.13.sdk",
            );
            SWIFT_VERSION = "4.0";
         };
         name = "Release";
      };
      "OBJ_36" = {
         isa = "PBXSourcesBuildPhase";
         files = (
            "OBJ_37",
         );
      };
      "OBJ_37" = {
         isa = "PBXBuildFile";
         fileRef = "OBJ_6";
      };
      "OBJ_39" = {
         isa = "XCConfigurationList";
         buildConfigurations = (
            "OBJ_40",
            "OBJ_41",
         );
         defaultConfigurationIsVisible = "0";
         defaultConfigurationName = "Debug";
      };
      "OBJ_4" = {
         isa = "XCBuildConfiguration";
         buildSettings = {
            CLANG_ENABLE_OBJC_ARC = "YES";
            COMBINE_HIDPI_IMAGES = "YES";
            COPY_PHASE_STRIP = "YES";
            DEBUG_INFORMATION_FORMAT = "dwarf-with-dsym";
            DYLIB_INSTALL_NAME_BASE = "@rpath";
            GCC_OPTIMIZATION_LEVEL = "s";
            MACOSX_DEPLOYMENT_TARGET = "10.10";
            OTHER_SWIFT_FLAGS = (
               "-DXcode",
            );
            PRODUCT_NAME = "$(TARGET_NAME)";
            SDKROOT = "macosx";
            SUPPORTED_PLATFORMS = (
               "macosx",
               "iphoneos",
               "iphonesimulator",
               "appletvos",
               "appletvsimulator",
               "watchos",
               "watchsimulator",
            );
            SWIFT_ACTIVE_COMPILATION_CONDITIONS = "SWIFT_PACKAGE";
            SWIFT_OPTIMIZATION_LEVEL = "-Owholemodule";
            USE_HEADERMAP = "NO";
         };
         name = "Release";
      };
      "OBJ_40" = {
         isa = "XCBuildConfiguration";
         buildSettings = {
            EMBEDDED_CONTENT_CONTAINS_SWIFT = "YES";
            FRAMEWORK_SEARCH_PATHS = (
               "$(inherited)",
               "$(PLATFORM_DIR)/Developer/Library/Frameworks",
            );
            HEADER_SEARCH_PATHS = (
               "$(inherited)",
            );
            INFOPLIST_FILE = "Tempura.xcodeproj/Tests_iOS_Info.plist";
            LD_RUNPATH_SEARCH_PATHS = (
               "@loader_path/../Frameworks",
               "@loader_path/Frameworks",
            );
            OTHER_LDFLAGS = (
               "$(inherited)",
            );
            OTHER_SWIFT_FLAGS = (
               "$(inherited)",
            );
            SWIFT_VERSION = "4.0";
            TARGET_NAME = "Tests-iOS";
         };
         name = "Debug";
      };
      "OBJ_41" = {
         isa = "XCBuildConfiguration";
         buildSettings = {
            EMBEDDED_CONTENT_CONTAINS_SWIFT = "YES";
            FRAMEWORK_SEARCH_PATHS = (
               "$(inherited)",
               "$(PLATFORM_DIR)/Developer/Library/Frameworks",
            );
            HEADER_SEARCH_PATHS = (
               "$(inherited)",
            );
            INFOPLIST_FILE = "Tempura.xcodeproj/Tests_iOS_Info.plist";
            LD_RUNPATH_SEARCH_PATHS = (
               "@loader_path/../Frameworks",
               "@loader_path/Frameworks",
            );
            OTHER_LDFLAGS = (
               "$(inherited)",
            );
            OTHER_SWIFT_FLAGS = (
               "$(inherited)",
            );
            SWIFT_VERSION = "4.0";
            TARGET_NAME = "Tests-iOS";
         };
         name = "Release";
      };
      "OBJ_42" = {
         isa = "PBXSourcesBuildPhase";
         files = (
            "OBJ_43",
            "OBJ_44",
         );
      };
      "OBJ_43" = {
         isa = "PBXBuildFile";
         fileRef = "OBJ_21";
      };
      "OBJ_44" = {
         isa = "PBXBuildFile";
         fileRef = "OBJ_24";
      };
      "OBJ_45" = {
         isa = "PBXFrameworksBuildPhase";
         files = (
            "OBJ_46",
         );
      };
      "OBJ_46" = {
         isa = "PBXBuildFile";
         fileRef = "Tempura::Tempura::Product";
      };
      "OBJ_47" = {
         isa = "PBXTargetDependency";
         target = "Tempura::Tempura";
      };
      "OBJ_49" = {
         isa = "XCConfigurationList";
         buildConfigurations = (
            "OBJ_50",
            "OBJ_51",
         );
         defaultConfigurationIsVisible = "0";
         defaultConfigurationName = "Debug";
      };
      "OBJ_5" = {
         isa = "PBXGroup";
         children = (
            "OBJ_6",
            "OBJ_7",
            "OBJ_20",
            "OBJ_25",
            "OBJ_26",
            "OBJ_27",
            "OBJ_28",
            "OBJ_29",
         );
         path = "";
         sourceTree = "<group>";
      };
      "OBJ_50" = {
         isa = "XCBuildConfiguration";
         buildSettings = {
            ENABLE_TESTABILITY = "YES";
            FRAMEWORK_SEARCH_PATHS = (
               "$(inherited)",
               "$(PLATFORM_DIR)/Developer/Library/Frameworks",
            );
            HEADER_SEARCH_PATHS = (
               "$(inherited)",
            );
            INFOPLIST_FILE = "Tempura.xcodeproj/Tempura_Info.plist";
            LD_RUNPATH_SEARCH_PATHS = (
               "$(TOOLCHAIN_DIR)/usr/lib/swift/macosx",
            );
            OTHER_LDFLAGS = (
               "$(inherited)",
            );
            OTHER_SWIFT_FLAGS = (
               "$(inherited)",
            );
            PRODUCT_BUNDLE_IDENTIFIER = "Tempura";
            PRODUCT_MODULE_NAME = "$(TARGET_NAME:c99extidentifier)";
            PRODUCT_NAME = "$(TARGET_NAME:c99extidentifier)";
            SKIP_INSTALL = "YES";
            SWIFT_VERSION = "4.0";
            TARGET_NAME = "Tempura";
         };
         name = "Debug";
      };
      "OBJ_51" = {
         isa = "XCBuildConfiguration";
         buildSettings = {
            ENABLE_TESTABILITY = "YES";
            FRAMEWORK_SEARCH_PATHS = (
               "$(inherited)",
               "$(PLATFORM_DIR)/Developer/Library/Frameworks",
            );
            HEADER_SEARCH_PATHS = (
               "$(inherited)",
            );
            INFOPLIST_FILE = "Tempura.xcodeproj/Tempura_Info.plist";
            LD_RUNPATH_SEARCH_PATHS = (
               "$(TOOLCHAIN_DIR)/usr/lib/swift/macosx",
            );
            OTHER_LDFLAGS = (
               "$(inherited)",
            );
            OTHER_SWIFT_FLAGS = (
               "$(inherited)",
            );
            PRODUCT_BUNDLE_IDENTIFIER = "Tempura";
            PRODUCT_MODULE_NAME = "$(TARGET_NAME:c99extidentifier)";
            PRODUCT_NAME = "$(TARGET_NAME:c99extidentifier)";
            SKIP_INSTALL = "YES";
            SWIFT_VERSION = "4.0";
            TARGET_NAME = "Tempura";
         };
         name = "Release";
      };
      "OBJ_52" = {
         isa = "PBXSourcesBuildPhase";
         files = (
            "OBJ_53",
            "OBJ_54",
            "OBJ_55",
            "OBJ_56",
            "OBJ_57",
            "OBJ_58",
            "OBJ_59",
            "OBJ_60",
            "OBJ_61",
            "OBJ_62",
         );
      };
      "OBJ_53" = {
         isa = "PBXBuildFile";
         fileRef = "OBJ_8";
      };
      "OBJ_54" = {
         isa = "PBXBuildFile";
         fileRef = "OBJ_10";
      };
      "OBJ_55" = {
         isa = "PBXBuildFile";
         fileRef = "OBJ_11";
      };
      "OBJ_56" = {
         isa = "PBXBuildFile";
         fileRef = "OBJ_12";
      };
      "OBJ_57" = {
         isa = "PBXBuildFile";
         fileRef = "OBJ_13";
      };
      "OBJ_58" = {
         isa = "PBXBuildFile";
         fileRef = "OBJ_15";
      };
      "OBJ_59" = {
         isa = "PBXBuildFile";
         fileRef = "OBJ_16";
      };
      "OBJ_6" = {
         isa = "PBXFileReference";
         explicitFileType = "sourcecode.swift";
         path = "Package.swift";
         sourceTree = "<group>";
      };
      "OBJ_60" = {
         isa = "PBXBuildFile";
         fileRef = "OBJ_17";
      };
      "OBJ_61" = {
         isa = "PBXBuildFile";
         fileRef = "OBJ_18";
      };
      "OBJ_62" = {
         isa = "PBXBuildFile";
         fileRef = "OBJ_19";
      };
      "OBJ_63" = {
         isa = "PBXFrameworksBuildPhase";
         files = (
         );
      };
      "OBJ_65" = {
         isa = "XCConfigurationList";
         buildConfigurations = (
            "OBJ_66",
            "OBJ_67",
         );
         defaultConfigurationIsVisible = "0";
         defaultConfigurationName = "Debug";
      };
      "OBJ_66" = {
         isa = "XCBuildConfiguration";
         buildSettings = {
         };
         name = "Debug";
      };
      "OBJ_67" = {
         isa = "XCBuildConfiguration";
         buildSettings = {
         };
         name = "Release";
      };
      "OBJ_68" = {
         isa = "PBXTargetDependency";
         target = "Tempura::Tests-iOS";
      };
      "OBJ_7" = {
         isa = "PBXGroup";
         children = (
            "OBJ_8",
            "OBJ_9",
            "OBJ_19",
         );
         name = "Sources";
         path = "Sources";
         sourceTree = "SOURCE_ROOT";
      };
      "OBJ_8" = {
         isa = "PBXFileReference";
         path = "FileManager.swift";
         sourceTree = "<group>";
      };
      "OBJ_9" = {
         isa = "PBXGroup";
         children = (
            "OBJ_10",
            "OBJ_11",
            "OBJ_12",
            "OBJ_13",
            "OBJ_14",
            "OBJ_17",
            "OBJ_18",
         );
         name = "Nodes";
         path = "Nodes";
         sourceTree = "<group>";
      };
      "Tempura::SwiftPMPackageDescription" = {
         isa = "PBXNativeTarget";
         buildConfigurationList = "OBJ_33";
         buildPhases = (
            "OBJ_36",
         );
         dependencies = (
         );
         name = "TempuraPackageDescription";
         productName = "TempuraPackageDescription";
         productType = "com.apple.product-type.framework";
      };
      "Tempura::Tempura" = {
         isa = "PBXNativeTarget";
         buildConfigurationList = "OBJ_49";
         buildPhases = (
            "OBJ_52",
            "OBJ_63",
         );
         dependencies = (
         );
         name = "Tempura";
         productName = "Tempura";
         productReference = "Tempura::Tempura::Product";
         productType = "com.apple.product-type.framework";
      };
      "Tempura::Tempura::Product" = {
         isa = "PBXFileReference";
         path = "Tempura.framework";
         sourceTree = "BUILT_PRODUCTS_DIR";
      };
      "Tempura::TempuraPackageTests::ProductTarget" = {
         isa = "PBXAggregateTarget";
         buildConfigurationList = "OBJ_65";
         buildPhases = (
         );
         dependencies = (
            "OBJ_68",
         );
         name = "TempuraPackageTests";
         productName = "TempuraPackageTests";
      };
      "Tempura::Tests-iOS" = {
         isa = "PBXNativeTarget";
         buildConfigurationList = "OBJ_39";
         buildPhases = (
            "OBJ_42",
            "OBJ_45",
         );
         dependencies = (
            "OBJ_47",
         );
         name = "Tests-iOS";
         productName = "Tests_iOS";
         productReference = "Tempura::Tests-iOS::Product";
         productType = "com.apple.product-type.bundle.unit-test";
      };
      "Tempura::Tests-iOS::Product" = {
         isa = "PBXFileReference";
         path = "Tests_iOS.xctest";
         sourceTree = "BUILT_PRODUCTS_DIR";
      };
   };
   rootObject = "OBJ_1";
}
